
Microsoft Visual Studio Solution File, Format Version 12.00
# Visual Studio 15
VisualStudioVersion = 15.0.28010.2016
MinimumVisualStudioVersion = 10.0.40219.1
Project("{888888A0-9F3D-457C-B088-3A5042F75D52}") = "Factorial", "Factorial\Factorial.pyproj", "{330245C9-D80D-4C21-9F25-DE93BA97D567}"
EndProject
Global
	GlobalSection(SolutionConfigurationPlatforms) = preSolution
		Debug|Any CPU = Debug|Any CPU
		Release|Any CPU = Release|Any CPU
	EndGlobalSection
	GlobalSection(ProjectConfigurationPlatforms) = postSolution
		{330245C9-D80D-4C21-9F25-DE93BA97D567}.Debug|Any CPU.ActiveCfg = Debug|Any CPU
		{330245C9-D80D-4C21-9F25-DE93BA97D567}.Release|Any CPU.ActiveCfg = Release|Any CPU
	EndGlobalSection
	GlobalSection(SolutionProperties) = preSolution
		HideSolutionNode = FALSE
	EndGlobalSection
	GlobalSection(ExtensibilityGlobals) = postSolution
		SolutionGuid = {460C0E52-D08E-4E94-828B-B0FF887C5D8B}
	EndGlobalSection
EndGlobal
